
Microsoft Visual Studio Solution File, Format Version 12.00
# Visual Studio 15
VisualStudioVersion = 15.0.27004.2005
MinimumVisualStudioVersion = 10.0.40219.1
Project("{FAE04EC0-301F-11D3-BF4B-00C04F79EFBC}") = "PinSeed", "PinSeed\PinSeed\PinSeed.csproj", "{7A5157FE-AF78-450C-9F73-01FD104C06EB}"
EndProject
Project("{FAE04EC0-301F-11D3-BF4B-00C04F79EFBC}") = "PinSeed.Droid", "PinSeed\PinSeed.Droid\PinSeed.Droid.csproj", "{4A3FC2B3-1110-4DED-9C9E-597A44A6CD13}"
EndProject
Project("{FAE04EC0-301F-11D3-BF4B-00C04F79EFBC}") = "PinSeed.UWP", "PinSeed\PinSeed.UWP\PinSeed.UWP.csproj", "{E1C14CB2-AA17-4429-B0C7-AEF84A127239}"
EndProject
Global
	GlobalSection(SolutionConfigurationPlatforms) = preSolution
		Debug|Any CPU = Debug|Any CPU
		Debug|ARM = Debug|ARM
		Debug|x64 = Debug|x64
		Debug|x86 = Debug|x86
		Release|Any CPU = Release|Any CPU
		Release|ARM = Release|ARM
		Release|x64 = Release|x64
		Release|x86 = Release|x86
	EndGlobalSection
	GlobalSection(ProjectConfigurationPlatforms) = postSolution
		{7A5157FE-AF78-450C-9F73-01FD104C06EB}.Debug|Any CPU.ActiveCfg = Debug|Any CPU
		{7A5157FE-AF78-450C-9F73-01FD104C06EB}.Debug|Any CPU.Build.0 = Debug|Any CPU
		{7A5157FE-AF78-450C-9F73-01FD104C06EB}.Debug|ARM.ActiveCfg = Debug|Any CPU
		{7A5157FE-AF78-450C-9F73-01FD104C06EB}.Debug|ARM.Build.0 = Debug|Any CPU
		{7A5157FE-AF78-450C-9F73-01FD104C06EB}.Debug|x64.ActiveCfg = Debug|Any CPU
		{7A5157FE-AF78-450C-9F73-01FD104C06EB}.Debug|x64.Build.0 = Debug|Any CPU
		{7A5157FE-AF78-450C-9F73-01FD104C06EB}.Debug|x86.ActiveCfg = Debug|Any CPU
		{7A5157FE-AF78-450C-9F73-01FD104C06EB}.Debug|x86.Build.0 = Debug|Any CPU
		{7A5157FE-AF78-450C-9F73-01FD104C06EB}.Release|Any CPU.ActiveCfg = Release|Any CPU
		{7A5157FE-AF78-450C-9F73-01FD104C06EB}.Release|Any CPU.Build.0 = Release|Any CPU
		{7A5157FE-AF78-450C-9F73-01FD104C06EB}.Release|ARM.ActiveCfg = Release|Any CPU
		{7A5157FE-AF78-450C-9F73-01FD104C06EB}.Release|ARM.Build.0 = Release|Any CPU
		{7A5157FE-AF78-450C-9F73-01FD104C06EB}.Release|x64.ActiveCfg = Release|Any CPU
		{7A5157FE-AF78-450C-9F73-01FD104C06EB}.Release|x64.Build.0 = Release|Any CPU
		{7A5157FE-AF78-450C-9F73-01FD104C06EB}.Release|x86.ActiveCfg = Release|Any CPU
		{7A5157FE-AF78-450C-9F73-01FD104C06EB}.Release|x86.Build.0 = Release|Any CPU
		{4A3FC2B3-1110-4DED-9C9E-597A44A6CD13}.Debug|Any CPU.ActiveCfg = Debug|Any CPU
		{4A3FC2B3-1110-4DED-9C9E-597A44A6CD13}.Debug|Any CPU.Build.0 = Debug|Any CPU
		{4A3FC2B3-1110-4DED-9C9E-597A44A6CD13}.Debug|Any CPU.Deploy.0 = Debug|Any CPU
		{4A3FC2B3-1110-4DED-9C9E-597A44A6CD13}.Debug|ARM.ActiveCfg = Debug|Any CPU
		{4A3FC2B3-1110-4DED-9C9E-597A44A6CD13}.Debug|ARM.Build.0 = Debug|Any CPU
		{4A3FC2B3-1110-4DED-9C9E-597A44A6CD13}.Debug|ARM.Deploy.0 = Debug|Any CPU
		{4A3FC2B3-1110-4DED-9C9E-597A44A6CD13}.Debug|x64.ActiveCfg = Debug|Any CPU
		{4A3FC2B3-1110-4DED-9C9E-597A44A6CD13}.Debug|x64.Build.0 = Debug|Any CPU
		{4A3FC2B3-1110-4DED-9C9E-597A44A6CD13}.Debug|x64.Deploy.0 = Debug|Any CPU
		{4A3FC2B3-1110-4DED-9C9E-597A44A6CD13}.Debug|x86.ActiveCfg = Debug|Any CPU
		{4A3FC2B3-1110-4DED-9C9E-597A44A6CD13}.Debug|x86.Build.0 = Debug|Any CPU
		{4A3FC2B3-1110-4DED-9C9E-597A44A6CD13}.Debug|x86.Deploy.0 = Debug|Any CPU
		{4A3FC2B3-1110-4DED-9C9E-597A44A6CD13}.Release|Any CPU.ActiveCfg = Release|Any CPU
		{4A3FC2B3-1110-4DED-9C9E-597A44A6CD13}.Release|Any CPU.Build.0 = Release|Any CPU
		{4A3FC2B3-1110-4DED-9C9E-597A44A6CD13}.Release|Any CPU.Deploy.0 = Release|Any CPU
		{4A3FC2B3-1110-4DED-9C9E-597A44A6CD13}.Release|ARM.ActiveCfg = Release|Any CPU
		{4A3FC2B3-1110-4DED-9C9E-597A44A6CD13}.Release|ARM.Build.0 = Release|Any CPU
		{4A3FC2B3-1110-4DED-9C9E-597A44A6CD13}.Release|ARM.Deploy.0 = Release|Any CPU
		{4A3FC2B3-1110-4DED-9C9E-597A44A6CD13}.Release|x64.ActiveCfg = Release|Any CPU
		{4A3FC2B3-1110-4DED-9C9E-597A44A6CD13}.Release|x64.Build.0 = Release|Any CPU
		{4A3FC2B3-1110-4DED-9C9E-597A44A6CD13}.Release|x64.Deploy.0 = Release|Any CPU
		{4A3FC2B3-1110-4DED-9C9E-597A44A6CD13}.Release|x86.ActiveCfg = Release|Any CPU
		{4A3FC2B3-1110-4DED-9C9E-597A44A6CD13}.Release|x86.Build.0 = Release|Any CPU
		{4A3FC2B3-1110-4DED-9C9E-597A44A6CD13}.Release|x86.Deploy.0 = Release|Any CPU
		{E1C14CB2-AA17-4429-B0C7-AEF84A127239}.Debug|Any CPU.ActiveCfg = Debug|x86
		{E1C14CB2-AA17-4429-B0C7-AEF84A127239}.Debug|ARM.ActiveCfg = Debug|ARM
		{E1C14CB2-AA17-4429-B0C7-AEF84A127239}.Debug|ARM.Build.0 = Debug|ARM
		{E1C14CB2-AA17-4429-B0C7-AEF84A127239}.Debug|ARM.Deploy.0 = Debug|ARM
		{E1C14CB2-AA17-4429-B0C7-AEF84A127239}.Debug|x64.ActiveCfg = Debug|x64
		{E1C14CB2-AA17-4429-B0C7-AEF84A127239}.Debug|x64.Build.0 = Debug|x64
		{E1C14CB2-AA17-4429-B0C7-AEF84A127239}.Debug|x64.Deploy.0 = Debug|x64
		{E1C14CB2-AA17-4429-B0C7-AEF84A127239}.Debug|x86.ActiveCfg = Debug|x86
		{E1C14CB2-AA17-4429-B0C7-AEF84A127239}.Debug|x86.Build.0 = Debug|x86
		{E1C14CB2-AA17-4429-B0C7-AEF84A127239}.Debug|x86.Deploy.0 = Debug|x86
		{E1C14CB2-AA17-4429-B0C7-AEF84A127239}.Release|Any CPU.ActiveCfg = Release|x86
		{E1C14CB2-AA17-4429-B0C7-AEF84A127239}.Release|ARM.ActiveCfg = Release|ARM
		{E1C14CB2-AA17-4429-B0C7-AEF84A127239}.Release|ARM.Build.0 = Release|ARM
		{E1C14CB2-AA17-4429-B0C7-AEF84A127239}.Release|ARM.Deploy.0 = Release|ARM
		{E1C14CB2-AA17-4429-B0C7-AEF84A127239}.Release|x64.ActiveCfg = Release|x64
		{E1C14CB2-AA17-4429-B0C7-AEF84A127239}.Release|x64.Build.0 = Release|x64
		{E1C14CB2-AA17-4429-B0C7-AEF84A127239}.Release|x64.Deploy.0 = Release|x64
		{E1C14CB2-AA17-4429-B0C7-AEF84A127239}.Release|x86.ActiveCfg = Release|x86
		{E1C14CB2-AA17-4429-B0C7-AEF84A127239}.Release|x86.Build.0 = Release|x86
		{E1C14CB2-AA17-4429-B0C7-AEF84A127239}.Release|x86.Deploy.0 = Release|x86
	EndGlobalSection
	GlobalSection(SolutionProperties) = preSolution
		HideSolutionNode = FALSE
	EndGlobalSection
	GlobalSection(ExtensibilityGlobals) = postSolution
		SolutionGuid = {716483E6-C01E-4778-8139-8C606CC9159F}
	EndGlobalSection
EndGlobal
